
Microsoft Visual Studio Solution File, Format Version 12.00
# Visual Studio Version 17
VisualStudioVersion = 17.6.33723.286
MinimumVisualStudioVersion = 10.0.40219.1
Project("{9A19103F-16F7-4668-BE54-9A1E7A4F7556}") = "dotnetcoretestapi", "dotnetcoretestapi\dotnetcoretestapi.csproj", "{94756B86-ECC7-43A5-BB63-6A9EC21A6852}"
EndProject
Project("{FAE04EC0-301F-11D3-BF4B-00C04F79EFBC}") = "TestProject1", "TestProject1\TestProject1.csproj", "{559E1A07-3959-493F-92A2-E6CA7E107FEC}"
EndProject
Global
	GlobalSection(SolutionConfigurationPlatforms) = preSolution
		Debug|Any CPU = Debug|Any CPU
		Release|Any CPU = Release|Any CPU
	EndGlobalSection
	GlobalSection(ProjectConfigurationPlatforms) = postSolution
		{94756B86-ECC7-43A5-BB63-6A9EC21A6852}.Debug|Any CPU.ActiveCfg = Debug|Any CPU
		{94756B86-ECC7-43A5-BB63-6A9EC21A6852}.Debug|Any CPU.Build.0 = Debug|Any CPU
		{94756B86-ECC7-43A5-BB63-6A9EC21A6852}.Release|Any CPU.ActiveCfg = Release|Any CPU
		{94756B86-ECC7-43A5-BB63-6A9EC21A6852}.Release|Any CPU.Build.0 = Release|Any CPU
		{559E1A07-3959-493F-92A2-E6CA7E107FEC}.Debug|Any CPU.ActiveCfg = Debug|Any CPU
		{559E1A07-3959-493F-92A2-E6CA7E107FEC}.Debug|Any CPU.Build.0 = Debug|Any CPU
		{559E1A07-3959-493F-92A2-E6CA7E107FEC}.Release|Any CPU.ActiveCfg = Release|Any CPU
		{559E1A07-3959-493F-92A2-E6CA7E107FEC}.Release|Any CPU.Build.0 = Release|Any CPU
	EndGlobalSection
	GlobalSection(SolutionProperties) = preSolution
		HideSolutionNode = FALSE
	EndGlobalSection
	GlobalSection(ExtensibilityGlobals) = postSolution
		SolutionGuid = {B7831232-489C-4AB3-99DF-82508B8F3CD0}
	EndGlobalSection
EndGlobal
